
Microsoft Visual Studio Solution File, Format Version 12.00
# Visual Studio Version 17
VisualStudioVersion = 17.8.34330.188
MinimumVisualStudioVersion = 10.0.40219.1
Project("{9A19103F-16F7-4668-BE54-9A1E7A4F7556}") = "EmpowerId.ProductCatalog.ConsoleApp", "ConsoleApp\EmpowerId.ProductCatalog.ConsoleApp.csproj", "{A709F25D-657E-4257-95B4-E0A3FE46BB7B}"
EndProject
Project("{00D1A9C2-B5F0-4AF3-8072-F6C62B433612}") = "EmpowerId.ProductCatalog.SqlDatabase", "Database\EmpowerId.ProductCatalog.SqlDatabase.sqlproj", "{01275806-3EF4-45FD-A72D-86743C134E90}"
EndProject
Global
	GlobalSection(SolutionConfigurationPlatforms) = preSolution
		Debug|Any CPU = Debug|Any CPU
		Release|Any CPU = Release|Any CPU
	EndGlobalSection
	GlobalSection(ProjectConfigurationPlatforms) = postSolution
		{A709F25D-657E-4257-95B4-E0A3FE46BB7B}.Debug|Any CPU.ActiveCfg = Debug|Any CPU
		{A709F25D-657E-4257-95B4-E0A3FE46BB7B}.Debug|Any CPU.Build.0 = Debug|Any CPU
		{A709F25D-657E-4257-95B4-E0A3FE46BB7B}.Release|Any CPU.ActiveCfg = Release|Any CPU
		{A709F25D-657E-4257-95B4-E0A3FE46BB7B}.Release|Any CPU.Build.0 = Release|Any CPU
		{01275806-3EF4-45FD-A72D-86743C134E90}.Debug|Any CPU.ActiveCfg = Debug|Any CPU
		{01275806-3EF4-45FD-A72D-86743C134E90}.Debug|Any CPU.Build.0 = Debug|Any CPU
		{01275806-3EF4-45FD-A72D-86743C134E90}.Debug|Any CPU.Deploy.0 = Debug|Any CPU
		{01275806-3EF4-45FD-A72D-86743C134E90}.Release|Any CPU.ActiveCfg = Release|Any CPU
		{01275806-3EF4-45FD-A72D-86743C134E90}.Release|Any CPU.Build.0 = Release|Any CPU
		{01275806-3EF4-45FD-A72D-86743C134E90}.Release|Any CPU.Deploy.0 = Release|Any CPU
	EndGlobalSection
	GlobalSection(SolutionProperties) = preSolution
		HideSolutionNode = FALSE
	EndGlobalSection
	GlobalSection(ExtensibilityGlobals) = postSolution
		SolutionGuid = {AB57A123-93B4-4F75-878D-151200E2A706}
	EndGlobalSection
EndGlobal
